
Microsoft Visual Studio Solution File, Format Version 12.00
# Visual Studio 15
VisualStudioVersion = 15.0.26228.4
MinimumVisualStudioVersion = 10.0.40219.1
Project("{FAE04EC0-301F-11D3-BF4B-00C04F79EFBC}") = "GitHub", "GitHub\GitHub.csproj", "{A8C7654B-9E09-4D70-AC2D-E358B4D5FF30}"
EndProject
Global
	GlobalSection(SolutionConfigurationPlatforms) = preSolution
		Debug|Any CPU = Debug|Any CPU
		Release|Any CPU = Release|Any CPU
	EndGlobalSection
	GlobalSection(ProjectConfigurationPlatforms) = postSolution
		{A8C7654B-9E09-4D70-AC2D-E358B4D5FF30}.Debug|Any CPU.ActiveCfg = Debug|Any CPU
		{A8C7654B-9E09-4D70-AC2D-E358B4D5FF30}.Debug|Any CPU.Build.0 = Debug|Any CPU
		{A8C7654B-9E09-4D70-AC2D-E358B4D5FF30}.Release|Any CPU.ActiveCfg = Release|Any CPU
		{A8C7654B-9E09-4D70-AC2D-E358B4D5FF30}.Release|Any CPU.Build.0 = Release|Any CPU
	EndGlobalSection
	GlobalSection(SolutionProperties) = preSolution
		HideSolutionNode = FALSE
	EndGlobalSection
EndGlobal
